
Microsoft Visual Studio Solution File, Format Version 12.00
# Visual Studio Version 17
VisualStudioVersion = 17.5.33627.172
MinimumVisualStudioVersion = 10.0.40219.1
Project("{FAE04EC0-301F-11D3-BF4B-00C04F79EFBC}") = "20230608_tcpClient", "20230608_tcpClient\20230608_tcpClient.csproj", "{8778EF73-04CB-4394-A6BB-DE14B50E840D}"
EndProject
Global
	GlobalSection(SolutionConfigurationPlatforms) = preSolution
		Debug|Any CPU = Debug|Any CPU
		Release|Any CPU = Release|Any CPU
	EndGlobalSection
	GlobalSection(ProjectConfigurationPlatforms) = postSolution
		{8778EF73-04CB-4394-A6BB-DE14B50E840D}.Debug|Any CPU.ActiveCfg = Debug|Any CPU
		{8778EF73-04CB-4394-A6BB-DE14B50E840D}.Debug|Any CPU.Build.0 = Debug|Any CPU
		{8778EF73-04CB-4394-A6BB-DE14B50E840D}.Release|Any CPU.ActiveCfg = Release|Any CPU
		{8778EF73-04CB-4394-A6BB-DE14B50E840D}.Release|Any CPU.Build.0 = Release|Any CPU
	EndGlobalSection
	GlobalSection(SolutionProperties) = preSolution
		HideSolutionNode = FALSE
	EndGlobalSection
	GlobalSection(ExtensibilityGlobals) = postSolution
		SolutionGuid = {8F0443E5-6BD5-4825-BF25-2658F5738C93}
	EndGlobalSection
EndGlobal
